// !$*UTF8*$!
{
	archiveVersion = 1;
	classes = {
	};
	objectVersion = 48;
	objects = {

/* Begin PBXBuildFile section */
		C755360B1FF7E89600DFD019 /* AppDelegate.swift in Sources */ = {isa = PBXBuildFile; fileRef = C755360A1FF7E89600DFD019 /* AppDelegate.swift */; };
		C755360D1FF7E89600DFD019 /* ViewController.swift in Sources */ = {isa = PBXBuildFile; fileRef = C755360C1FF7E89600DFD019 /* ViewController.swift */; };
		C75536101FF7E89600DFD019 /* Main.storyboard in Resources */ = {isa = PBXBuildFile; fileRef = C755360E1FF7E89600DFD019 /* Main.storyboard */; };
		C75536121FF7E89600DFD019 /* Assets.xcassets in Resources */ = {isa = PBXBuildFile; fileRef = C75536111FF7E89600DFD019 /* Assets.xcassets */; };
		C75536151FF7E89600DFD019 /* LaunchScreen.storyboard in Resources */ = {isa = PBXBuildFile; fileRef = C75536131FF7E89600DFD019 /* LaunchScreen.storyboard */; };
		C755361D1FF7F02900DFD019 /* cat.jpeg in Resources */ = {isa = PBXBuildFile; fileRef = C755361C1FF7EB7300DFD019 /* cat.jpeg */; };
/* End PBXBuildFile section */

/* Begin PBXFileReference section */
		C75536071FF7E89600DFD019 /* AdvancedAnimationsSample.app */ = {isa = PBXFileReference; explicitFileType = wrapper.application; includeInIndex = 0; path = AdvancedAnimationsSample.app; sourceTree = BUILT_PRODUCTS_DIR; };
		C755360A1FF7E89600DFD019 /* AppDelegate.swift */ = {isa = PBXFileReference; lastKnownFileType = sourcecode.swift; path = AppDelegate.swift; sourceTree = "<group>"; };
		C755360C1FF7E89600DFD019 /* ViewController.swift */ = {isa = PBXFileReference; lastKnownFileType = sourcecode.swift; path = ViewController.swift; sourceTree = "<group>"; };
		C755360F1FF7E89600DFD019 /* Base */ = {isa = PBXFileReference; lastKnownFileType = file.storyboard; name = Base; path = Base.lproj/Main.storyboard; sourceTree = "<group>"; };
		C75536111FF7E89600DFD019 /* Assets.xcassets */ = {isa = PBXFileReference; lastKnownFileType = folder.assetcatalog; path = Assets.xcassets; sourceTree = "<group>"; };
		C75536141FF7E89600DFD019 /* Base */ = {isa = PBXFileReference; lastKnownFileType = file.storyboard; name = Base; path = Base.lproj/LaunchScreen.storyboard; sourceTree = "<group>"; };
		C75536161FF7E89600DFD019 /* Info.plist */ = {isa = PBXFileReference; lastKnownFileType = text.plist.xml; path = Info.plist; sourceTree = "<group>"; };
		C755361C1FF7EB7300DFD019 /* cat.jpeg */ = {isa = PBXFileReference; lastKnownFileType = image.jpeg; path = cat.jpeg; sourceTree = "<group>"; };
/* End PBXFileReference section */

/* Begin PBXFrameworksBuildPhase section */
		C75536041FF7E89600DFD019 /* Frameworks */ = {
			isa = PBXFrameworksBuildPhase;
			buildActionMask = 2147483647;
			files = (
			);
			runOnlyForDeploymentPostprocessing = 0;
		};
/* End PBXFrameworksBuildPhase section */

/* Begin PBXGroup section */
		C75535FE1FF7E89600DFD019 = {
			isa = PBXGroup;
			children = (
				C75536091FF7E89600DFD019 /* AdvancedAnimationsSample */,
				C75536081FF7E89600DFD019 /* Products */,
			);
			sourceTree = "<group>";
		};
		C75536081FF7E89600DFD019 /* Products */ = {
			isa = PBXGroup;
			children = (
				C75536071FF7E89600DFD019 /* AdvancedAnimationsSample.app */,
			);
			name = Products;
			sourceTree = "<group>";
		};
		C75536091FF7E89600DFD019 /* AdvancedAnimationsSample */ = {
			isa = PBXGroup;
			children = (
				C755360A1FF7E89600DFD019 /* AppDelegate.swift */,
				C755360C1FF7E89600DFD019 /* ViewController.swift */,
				C755360E1FF7E89600DFD019 /* Main.storyboard */,
				C75536111FF7E89600DFD019 /* Assets.xcassets */,
				C75536131FF7E89600DFD019 /* LaunchScreen.storyboard */,
				C755361C1FF7EB7300DFD019 /* cat.jpeg */,
				C75536161FF7E89600DFD019 /* Info.plist */,
			);
			path = AdvancedAnimationsSample;
			sourceTree = "<group>";
		};
/* End PBXGroup section */

/* Begin PBXNativeTarget section */
		C75536061FF7E89600DFD019 /* AdvancedAnimationsSample */ = {
			isa = PBXNativeTarget;
			buildConfigurationList = C75536191FF7E89600DFD019 /* Build configuration list for PBXNativeTarget "AdvancedAnimationsSample" */;
			buildPhases = (
				C75536031FF7E89600DFD019 /* Sources */,
				C75536041FF7E89600DFD019 /* Frameworks */,
				C75536051FF7E89600DFD019 /* Resources */,
			);
			buildRules = (
			);
			dependencies = (
			);
			name = AdvancedAnimationsSample;
			productName = AdvancedAnimationsSample;
			productReference = C75536071FF7E89600DFD019 /* AdvancedAnimationsSample.app */;
			productType = "com.apple.product-type.application";
		};
/* End PBXNativeTarget section */

/* Begin PBXProject section */
		C75535FF1FF7E89600DFD019 /* Project object */ = {
			isa = PBXProject;
			attributes = {
				LastSwiftUpdateCheck = 0900;
				LastUpgradeCheck = 0900;
				ORGANIZATIONNAME = "Dobrinka Tabakova";
				TargetAttributes = {
					C75536061FF7E89600DFD019 = {
						CreatedOnToolsVersion = 9.0;
						ProvisioningStyle = Automatic;
					};
				};
			};
			buildConfigurationList = C75536021FF7E89600DFD019 /* Build configuration list for PBXProject "AdvancedAnimationsSample" */;
			compatibilityVersion = "Xcode 8.0";
			developmentRegion = en;
			hasScannedForEncodings = 0;
			knownRegions = (
				en,
				Base,
			);
			mainGroup = C75535FE1FF7E89600DFD019;
			productRefGroup = C75536081FF7E89600DFD019 /* Products */;
			projectDirPath = "";
			projectRoot = "";
			targets = (
				C75536061FF7E89600DFD019 /* AdvancedAnimationsSample */,
			);
		};
/* End PBXProject section */

/* Begin PBXResourcesBuildPhase section */
		C75536051FF7E89600DFD019 /* Resources */ = {
			isa = PBXResourcesBuildPhase;
			buildActionMask = 2147483647;
			files = (
				C755361D1FF7F02900DFD019 /* cat.jpeg in Resources */,
				C75536151FF7E89600DFD019 /* LaunchScreen.storyboard in Resources */,
				C75536121FF7E89600DFD019 /* Assets.xcassets in Resources */,
				C75536101FF7E89600DFD019 /* Main.storyboard in Resources */,
			);
			runOnlyForDeploymentPostprocessing = 0;
		};
/* End PBXResourcesBuildPhase section */

/* Begin PBXSourcesBuildPhase section */
		C75536031FF7E89600DFD019 /* Sources */ = {
			isa = PBXSourcesBuildPhase;
			buildActionMask = 2147483647;
			files = (
				C755360D1FF7E89600DFD019 /* ViewController.swift in Sources */,
				C755360B1FF7E89600DFD019 /* AppDelegate.swift in Sources */,
			);
			runOnlyForDeploymentPostprocessing = 0;
		};
/* End PBXSourcesBuildPhase section */

/* Begin PBXVariantGroup section */
		C755360E1FF7E89600DFD019 /* Main.storyboard */ = {
			isa = PBXVariantGroup;
			children = (
				C755360F1FF7E89600DFD019 /* Base */,
			);
			name = Main.storyboard;
			sourceTree = "<group>";
		};
		C75536131FF7E89600DFD019 /* LaunchScreen.storyboard */ = {
			isa = PBXVariantGroup;
			children = (
				C75536141FF7E89600DFD019 /* Base */,
			);
			name = LaunchScreen.storyboard;
			sourceTree = "<group>";
		};
/* End PBXVariantGroup section */

/* Begin XCBuildConfiguration section */
		C75536171FF7E89600DFD019 /* Debug */ = {
			isa = XCBuildConfiguration;
			buildSettings = {
				ALWAYS_SEARCH_USER_PATHS = NO;
				CLANG_ANALYZER_NONNULL = YES;
				CLANG_ANALYZER_NUMBER_OBJECT_CONVERSION = YES_AGGRESSIVE;
				CLANG_CXX_LANGUAGE_STANDARD = "gnu++14";
				CLANG_CXX_LIBRARY = "libc++";
				CLANG_ENABLE_MODULES = YES;
				CLANG_ENABLE_OBJC_ARC = YES;
				CLANG_WARN_BLOCK_CAPTURE_AUTORELEASING = YES;
				CLANG_WARN_BOOL_CONVERSION = YES;
				CLANG_WARN_COMMA = YES;
				CLANG_WARN_CONSTANT_CONVERSION = YES;
				CLANG_WARN_DIRECT_OBJC_ISA_USAGE = YES_ERROR;
				CLANG_WARN_DOCUMENTATION_COMMENTS = YES;
				CLANG_WARN_EMPTY_BODY = YES;
				CLANG_WARN_ENUM_CONVERSION = YES;
				CLANG_WARN_INFINITE_RECURSION = YES;
				CLANG_WARN_INT_CONVERSION = YES;
				CLANG_WARN_NON_LITERAL_NULL_CONVERSION = YES;
				CLANG_WARN_OBJC_LITERAL_CONVERSION = YES;
				CLANG_WARN_OBJC_ROOT_CLASS = YES_ERROR;
				CLANG_WARN_RANGE_LOOP_ANALYSIS = YES;
				CLANG_WARN_STRICT_PROTOTYPES = YES;
				CLANG_WARN_SUSPICIOUS_MOVE = YES;
				CLANG_WARN_UNGUARDED_AVAILABILITY = YES_AGGRESSIVE;
				CLANG_WARN_UNREACHABLE_CODE = YES;
				CLANG_WARN__DUPLICATE_METHOD_MATCH = YES;
				CODE_SIGN_IDENTITY = "iPhone Developer";
				COPY_PHASE_STRIP = NO;
				DEBUG_INFORMATION_FORMAT = dwarf;
				ENABLE_STRICT_OBJC_MSGSEND = YES;
				ENABLE_TESTABILITY = YES;
				GCC_C_LANGUAGE_STANDARD = gnu11;
				GCC_DYNAMIC_NO_PIC = NO;
				GCC_NO_COMMON_BLOCKS = YES;
				GCC_OPTIMIZATION_LEVEL = 0;
				GCC_PREPROCESSOR_DEFINITIONS = (
					"DEBUG=1",
					"$(inherited)",
				);
				GCC_WARN_64_TO_32_BIT_CONVERSION = YES;
				GCC_WARN_ABOUT_RETURN_TYPE = YES_ERROR;
				GCC_WARN_UNDECLARED_SELECTOR = YES;
				GCC_WARN_UNINITIALIZED_AUTOS = YES_AGGRESSIVE;
				GCC_WARN_UNUSED_FUNCTION = YES;
				GCC_WARN_UNUSED_VARIABLE = YES;
				IPHONEOS_DEPLOYMENT_TARGET = 11.0;
				MTL_ENABLE_DEBUG_INFO = YES;
				ONLY_ACTIVE_ARCH = YES;
				SDKROOT = iphoneos;
				SWIFT_ACTIVE_COMPILATION_CONDITIONS = DEBUG;
				SWIFT_OPTIMIZATION_LEVEL = "-Onone";
			};
			name = Debug;
		};
		C75536181FF7E89600DFD019 /* Release */ = {
			isa = XCBuildConfiguration;
			buildSettings = {
				ALWAYS_SEARCH_USER_PATHS = NO;
				CLANG_ANALYZER_NONNULL = YES;
				CLANG_ANALYZER_NUMBER_OBJECT_CONVERSION = YES_AGGRESSIVE;
				CLANG_CXX_LANGUAGE_STANDARD = "gnu++14";
				CLANG_CXX_LIBRARY = "libc++";
				CLANG_ENABLE_MODULES = YES;
				CLANG_ENABLE_OBJC_ARC = YES;
				CLANG_WARN_BLOCK_CAPTURE_AUTORELEASING = YES;
				CLANG_WARN_BOOL_CONVERSION = YES;
				CLANG_WARN_COMMA = YES;
				CLANG_WARN_CONSTANT_CONVERSION = YES;
				CLANG_WARN_DIRECT_OBJC_ISA_USAGE = YES_ERROR;
				CLANG_WARN_DOCUMENTATION_COMMENTS = YES;
				CLANG_WARN_EMPTY_BODY = YES;
				CLANG_WARN_ENUM_CONVERSION = YES;
				CLANG_WARN_INFINITE_RECURSION = YES;
				CLANG_WARN_INT_CONVERSION = YES;
				CLANG_WARN_NON_LITERAL_NULL_CONVERSION = YES;
				CLANG_WARN_OBJC_LITERAL_CONVERSION = YES;
				CLANG_WARN_OBJC_ROOT_CLASS = YES_ERROR;
				CLANG_WARN_RANGE_LOOP_ANALYSIS = YES;
				CLANG_WARN_STRICT_PROTOTYPES = YES;
				CLANG_WARN_SUSPICIOUS_MOVE = YES;
				CLANG_WARN_UNGUARDED_AVAILABILITY = YES_AGGRESSIVE;
				CLANG_WARN_UNREACHABLE_CODE = YES;
				CLANG_WARN__DUPLICATE_METHOD_MATCH = YES;
				CODE_SIGN_IDENTITY = "iPhone Developer";
				COPY_PHASE_STRIP = NO;
				DEBUG_INFORMATION_FORMAT = "dwarf-with-dsym";
				ENABLE_NS_ASSERTIONS = NO;
				ENABLE_STRICT_OBJC_MSGSEND = YES;
				GCC_C_LANGUAGE_STANDARD = gnu11;
				GCC_NO_COMMON_BLOCKS = YES;
				GCC_WARN_64_TO_32_BIT_CONVERSION = YES;
				GCC_WARN_ABOUT_RETURN_TYPE = YES_ERROR;
				GCC_WARN_UNDECLARED_SELECTOR = YES;
				GCC_WARN_UNINITIALIZED_AUTOS = YES_AGGRESSIVE;
				GCC_WARN_UNUSED_FUNCTION = YES;
				GCC_WARN_UNUSED_VARIABLE = YES;
				IPHONEOS_DEPLOYMENT_TARGET = 11.0;
				MTL_ENABLE_DEBUG_INFO = NO;
				SDKROOT = iphoneos;
				SWIFT_OPTIMIZATION_LEVEL = "-Owholemodule";
				VALIDATE_PRODUCT = YES;
			};
			name = Release;
		};
		C755361A1FF7E89600DFD019 /* Debug */ = {
			isa = XCBuildConfiguration;
			buildSettings = {
				ASSETCATALOG_COMPILER_APPICON_NAME = AppIcon;
				CODE_SIGN_STYLE = Automatic;
				DEVELOPMENT_TEAM = M352RPT82H;
				INFOPLIST_FILE = AdvancedAnimationsSample/Info.plist;
				LD_RUNPATH_SEARCH_PATHS = "$(inherited) @executable_path/Frameworks";
				PRODUCT_BUNDLE_IDENTIFIER = DT.AdvancedAnimationsSample;
				PRODUCT_NAME = "$(TARGET_NAME)";
				SWIFT_VERSION = 4.0;
				TARGETED_DEVICE_FAMILY = "1,2";
			};
			name = Debug;
		};
		C755361B1FF7E89600DFD019 /* Release */ = {
			isa = XCBuildConfiguration;
			buildSettings = {
				ASSETCATALOG_COMPILER_APPICON_NAME = AppIcon;
				CODE_SIGN_STYLE = Automatic;
				DEVELOPMENT_TEAM = M352RPT82H;
				INFOPLIST_FILE = AdvancedAnimationsSample/Info.plist;
				LD_RUNPATH_SEARCH_PATHS = "$(inherited) @executable_path/Frameworks";
				PRODUCT_BUNDLE_IDENTIFIER = DT.AdvancedAnimationsSample;
				PRODUCT_NAME = "$(TARGET_NAME)";
				SWIFT_VERSION = 4.0;
				TARGETED_DEVICE_FAMILY = "1,2";
			};
			name = Release;
		};
/* End XCBuildConfiguration section */

/* Begin XCConfigurationList section */
		C75536021FF7E89600DFD019 /* Build configuration list for PBXProject "AdvancedAnimationsSample" */ = {
			isa = XCConfigurationList;
			buildConfigurations = (
				C75536171FF7E89600DFD019 /* Debug */,
				C75536181FF7E89600DFD019 /* Release */,
			);
			defaultConfigurationIsVisible = 0;
			defaultConfigurationName = Release;
		};
		C75536191FF7E89600DFD019 /* Build configuration list for PBXNativeTarget "AdvancedAnimationsSample" */ = {
			isa = XCConfigurationList;
			buildConfigurations = (
				C755361A1FF7E89600DFD019 /* Debug */,
				C755361B1FF7E89600DFD019 /* Release */,
			);
			defaultConfigurationIsVisible = 0;
			defaultConfigurationName = Release;
		};
/* End XCConfigurationList section */
	};
	rootObject = C75535FF1FF7E89600DFD019 /* Project object */;
}
